
Microsoft Visual Studio Solution File, Format Version 12.00
# Visual Studio Version 17
VisualStudioVersion = 17.7.34018.315
MinimumVisualStudioVersion = 10.0.40219.1
Project("{2150E333-8FDC-42A3-9474-1A3956D46DE8}") = "1- Application", "1- Application", "{73419C6D-F018-4FBB-8F02-B129FB74FF03}"
EndProject
Project("{2150E333-8FDC-42A3-9474-1A3956D46DE8}") = "2 - Services", "2 - Services", "{59F6DB56-FBE5-4BF0-B88D-8D01582F154C}"
EndProject
Project("{2150E333-8FDC-42A3-9474-1A3956D46DE8}") = "3 - Domain", "3 - Domain", "{21DEF9B2-C288-4F1E-BCAA-0271DA20EDAD}"
EndProject
Project("{2150E333-8FDC-42A3-9474-1A3956D46DE8}") = "4 - Infra", "4 - Infra", "{3E55BE45-D21D-41E4-BFD0-E117590F3AF9}"
EndProject
Project("{2150E333-8FDC-42A3-9474-1A3956D46DE8}") = "5 - Dto", "5 - Dto", "{711F73C7-AA2E-4B77-A426-70AD09E20C45}"
EndProject
Project("{2150E333-8FDC-42A3-9474-1A3956D46DE8}") = "6 - Test", "6 - Test", "{98AC808F-4E4E-49A5-AFC1-6B513F82591A}"
EndProject
Project("{FAE04EC0-301F-11D3-BF4B-00C04F79EFBC}") = "SM_API", "SM_API\SM_API.csproj", "{2E746DD5-C37D-4528-92C0-D836378B4A14}"
	ProjectSection(ProjectDependencies) = postProject
		{2E3EF610-5A7F-4A1F-916D-D4928CEB8C11} = {2E3EF610-5A7F-4A1F-916D-D4928CEB8C11}
		{73B337DD-7F43-4085-85CC-58F937968E50} = {73B337DD-7F43-4085-85CC-58F937968E50}
		{CC3DA2C7-0D8D-4370-8F16-B445B06EED9D} = {CC3DA2C7-0D8D-4370-8F16-B445B06EED9D}
	EndProjectSection
EndProject
Project("{FAE04EC0-301F-11D3-BF4B-00C04F79EFBC}") = "SM_SERVICES", "SM_SERVICES\SM_SERVICES.csproj", "{CC3DA2C7-0D8D-4370-8F16-B445B06EED9D}"
	ProjectSection(ProjectDependencies) = postProject
		{2E3EF610-5A7F-4A1F-916D-D4928CEB8C11} = {2E3EF610-5A7F-4A1F-916D-D4928CEB8C11}
		{6D5987CB-B53F-4445-9F98-5495C7E64EAB} = {6D5987CB-B53F-4445-9F98-5495C7E64EAB}
		{73B337DD-7F43-4085-85CC-58F937968E50} = {73B337DD-7F43-4085-85CC-58F937968E50}
	EndProjectSection
EndProject
Project("{FAE04EC0-301F-11D3-BF4B-00C04F79EFBC}") = "SM_DOMAIN", "SM_DOMAIN\SM_DOMAIN.csproj", "{6D5987CB-B53F-4445-9F98-5495C7E64EAB}"
EndProject
Project("{FAE04EC0-301F-11D3-BF4B-00C04F79EFBC}") = "SM_INFRA", "SM_INFRA\SM_INFRA.csproj", "{2E3EF610-5A7F-4A1F-916D-D4928CEB8C11}"
	ProjectSection(ProjectDependencies) = postProject
		{6D5987CB-B53F-4445-9F98-5495C7E64EAB} = {6D5987CB-B53F-4445-9F98-5495C7E64EAB}
	EndProjectSection
EndProject
Project("{FAE04EC0-301F-11D3-BF4B-00C04F79EFBC}") = "SM_DTO", "SM_DTO\SM_DTO.csproj", "{73B337DD-7F43-4085-85CC-58F937968E50}"
	ProjectSection(ProjectDependencies) = postProject
		{6D5987CB-B53F-4445-9F98-5495C7E64EAB} = {6D5987CB-B53F-4445-9F98-5495C7E64EAB}
	EndProjectSection
EndProject
Project("{FAE04EC0-301F-11D3-BF4B-00C04F79EFBC}") = "SM_TEST", "SM_TEST\SM_TEST.csproj", "{C17C18D4-9226-4DC7-A372-D64AF1E415C5}"
	ProjectSection(ProjectDependencies) = postProject
		{6D5987CB-B53F-4445-9F98-5495C7E64EAB} = {6D5987CB-B53F-4445-9F98-5495C7E64EAB}
		{CC3DA2C7-0D8D-4370-8F16-B445B06EED9D} = {CC3DA2C7-0D8D-4370-8F16-B445B06EED9D}
	EndProjectSection
EndProject
Global
	GlobalSection(SolutionConfigurationPlatforms) = preSolution
		Debug|Any CPU = Debug|Any CPU
		Release|Any CPU = Release|Any CPU
	EndGlobalSection
	GlobalSection(ProjectConfigurationPlatforms) = postSolution
		{2E746DD5-C37D-4528-92C0-D836378B4A14}.Debug|Any CPU.ActiveCfg = Debug|Any CPU
		{2E746DD5-C37D-4528-92C0-D836378B4A14}.Debug|Any CPU.Build.0 = Debug|Any CPU
		{2E746DD5-C37D-4528-92C0-D836378B4A14}.Release|Any CPU.ActiveCfg = Release|Any CPU
		{2E746DD5-C37D-4528-92C0-D836378B4A14}.Release|Any CPU.Build.0 = Release|Any CPU
		{CC3DA2C7-0D8D-4370-8F16-B445B06EED9D}.Debug|Any CPU.ActiveCfg = Debug|Any CPU
		{CC3DA2C7-0D8D-4370-8F16-B445B06EED9D}.Debug|Any CPU.Build.0 = Debug|Any CPU
		{CC3DA2C7-0D8D-4370-8F16-B445B06EED9D}.Release|Any CPU.ActiveCfg = Release|Any CPU
		{CC3DA2C7-0D8D-4370-8F16-B445B06EED9D}.Release|Any CPU.Build.0 = Release|Any CPU
		{6D5987CB-B53F-4445-9F98-5495C7E64EAB}.Debug|Any CPU.ActiveCfg = Debug|Any CPU
		{6D5987CB-B53F-4445-9F98-5495C7E64EAB}.Debug|Any CPU.Build.0 = Debug|Any CPU
		{6D5987CB-B53F-4445-9F98-5495C7E64EAB}.Release|Any CPU.ActiveCfg = Release|Any CPU
		{6D5987CB-B53F-4445-9F98-5495C7E64EAB}.Release|Any CPU.Build.0 = Release|Any CPU
		{2E3EF610-5A7F-4A1F-916D-D4928CEB8C11}.Debug|Any CPU.ActiveCfg = Debug|Any CPU
		{2E3EF610-5A7F-4A1F-916D-D4928CEB8C11}.Debug|Any CPU.Build.0 = Debug|Any CPU
		{2E3EF610-5A7F-4A1F-916D-D4928CEB8C11}.Release|Any CPU.ActiveCfg = Release|Any CPU
		{2E3EF610-5A7F-4A1F-916D-D4928CEB8C11}.Release|Any CPU.Build.0 = Release|Any CPU
		{73B337DD-7F43-4085-85CC-58F937968E50}.Debug|Any CPU.ActiveCfg = Debug|Any CPU
		{73B337DD-7F43-4085-85CC-58F937968E50}.Debug|Any CPU.Build.0 = Debug|Any CPU
		{73B337DD-7F43-4085-85CC-58F937968E50}.Release|Any CPU.ActiveCfg = Release|Any CPU
		{73B337DD-7F43-4085-85CC-58F937968E50}.Release|Any CPU.Build.0 = Release|Any CPU
		{C17C18D4-9226-4DC7-A372-D64AF1E415C5}.Debug|Any CPU.ActiveCfg = Debug|Any CPU
		{C17C18D4-9226-4DC7-A372-D64AF1E415C5}.Debug|Any CPU.Build.0 = Debug|Any CPU
		{C17C18D4-9226-4DC7-A372-D64AF1E415C5}.Release|Any CPU.ActiveCfg = Release|Any CPU
		{C17C18D4-9226-4DC7-A372-D64AF1E415C5}.Release|Any CPU.Build.0 = Release|Any CPU
	EndGlobalSection
	GlobalSection(SolutionProperties) = preSolution
		HideSolutionNode = FALSE
	EndGlobalSection
	GlobalSection(NestedProjects) = preSolution
		{2E746DD5-C37D-4528-92C0-D836378B4A14} = {73419C6D-F018-4FBB-8F02-B129FB74FF03}
		{CC3DA2C7-0D8D-4370-8F16-B445B06EED9D} = {59F6DB56-FBE5-4BF0-B88D-8D01582F154C}
		{6D5987CB-B53F-4445-9F98-5495C7E64EAB} = {21DEF9B2-C288-4F1E-BCAA-0271DA20EDAD}
		{2E3EF610-5A7F-4A1F-916D-D4928CEB8C11} = {3E55BE45-D21D-41E4-BFD0-E117590F3AF9}
		{73B337DD-7F43-4085-85CC-58F937968E50} = {711F73C7-AA2E-4B77-A426-70AD09E20C45}
		{C17C18D4-9226-4DC7-A372-D64AF1E415C5} = {98AC808F-4E4E-49A5-AFC1-6B513F82591A}
	EndGlobalSection
	GlobalSection(ExtensibilityGlobals) = postSolution
		SolutionGuid = {A7FD6768-7542-43AB-9B88-14E6E27FD65A}
	EndGlobalSection
EndGlobal
